
Microsoft Visual Studio Solution File, Format Version 12.00
# Visual Studio 2012
Project("{FAE04EC0-301F-11D3-BF4B-00C04F79EFBC}") = "EndpointMvc", "EndpointMvc\EndpointMvc.csproj", "{ED2497C1-2781-4AEC-ACBC-38FB5A01FADA}"
EndProject
Project("{FAE04EC0-301F-11D3-BF4B-00C04F79EFBC}") = "EndpointMvcSample", "EndpointMvcSample\EndpointMvcSample.csproj", "{8E05A42A-D2D6-4872-AB95-1E6478552228}"
EndProject
Project("{2150E333-8FDC-42A3-9474-1A3956D46DE8}") = ".nuget", ".nuget", "{2F5AB574-9EE9-4F30-A771-4B9BC440671E}"
	ProjectSection(SolutionItems) = preProject
		.nuget\NuGet.Config = .nuget\NuGet.Config
		.nuget\NuGet.exe = .nuget\NuGet.exe
		.nuget\NuGet.targets = .nuget\NuGet.targets
	EndProjectSection
EndProject
Project("{2150E333-8FDC-42A3-9474-1A3956D46DE8}") = "Readme", "Readme", "{BF4AC7F5-3ABC-447B-946A-15A2623BC203}"
	ProjectSection(SolutionItems) = preProject
		..\LICENSE.md = ..\LICENSE.md
		..\README.md = ..\README.md
	EndProjectSection
EndProject
Project("{2150E333-8FDC-42A3-9474-1A3956D46DE8}") = "Build", "Build", "{5EC1CBB1-0A9F-42B0-BA26-D540D1DF404C}"
	ProjectSection(SolutionItems) = preProject
		Build\EndpointMvc.nuspec = Build\EndpointMvc.nuspec
		Build\NugetPublish.msbuild = Build\NugetPublish.msbuild
		Build\WebPublish.msbuild = Build\WebPublish.msbuild
	EndProjectSection
EndProject
Project("{FAE04EC0-301F-11D3-BF4B-00C04F79EFBC}") = "EndpointMvc.Tests", "EndpointMvc.Tests\EndpointMvc.Tests.csproj", "{CE1A0A40-BEA8-4867-9EE6-5C648F5514C4}"
EndProject
Global
	GlobalSection(SolutionConfigurationPlatforms) = preSolution
		Debug|Any CPU = Debug|Any CPU
		Release|Any CPU = Release|Any CPU
	EndGlobalSection
	GlobalSection(ProjectConfigurationPlatforms) = postSolution
		{ED2497C1-2781-4AEC-ACBC-38FB5A01FADA}.Debug|Any CPU.ActiveCfg = Debug|Any CPU
		{ED2497C1-2781-4AEC-ACBC-38FB5A01FADA}.Debug|Any CPU.Build.0 = Debug|Any CPU
		{ED2497C1-2781-4AEC-ACBC-38FB5A01FADA}.Release|Any CPU.ActiveCfg = Release|Any CPU
		{ED2497C1-2781-4AEC-ACBC-38FB5A01FADA}.Release|Any CPU.Build.0 = Release|Any CPU
		{8E05A42A-D2D6-4872-AB95-1E6478552228}.Debug|Any CPU.ActiveCfg = Debug|Any CPU
		{8E05A42A-D2D6-4872-AB95-1E6478552228}.Debug|Any CPU.Build.0 = Debug|Any CPU
		{8E05A42A-D2D6-4872-AB95-1E6478552228}.Release|Any CPU.ActiveCfg = Release|Any CPU
		{8E05A42A-D2D6-4872-AB95-1E6478552228}.Release|Any CPU.Build.0 = Release|Any CPU
		{CE1A0A40-BEA8-4867-9EE6-5C648F5514C4}.Debug|Any CPU.ActiveCfg = Debug|Any CPU
		{CE1A0A40-BEA8-4867-9EE6-5C648F5514C4}.Debug|Any CPU.Build.0 = Debug|Any CPU
		{CE1A0A40-BEA8-4867-9EE6-5C648F5514C4}.Release|Any CPU.ActiveCfg = Release|Any CPU
		{CE1A0A40-BEA8-4867-9EE6-5C648F5514C4}.Release|Any CPU.Build.0 = Release|Any CPU
	EndGlobalSection
	GlobalSection(SolutionProperties) = preSolution
		HideSolutionNode = FALSE
	EndGlobalSection
EndGlobal
